
Microsoft Visual Studio Solution File, Format Version 12.00
# Visual Studio Version 17
VisualStudioVersion = 17.14.36717.8 d17.14
MinimumVisualStudioVersion = 10.0.40219.1
Project("{FAE04EC0-301F-11D3-BF4B-00C04F79EFBC}") = "Jannara-Ecommerce", "Jannara-Ecommerce.csproj", "{812E4242-2341-47E7-B914-B2C51CCD908E}"
EndProject
Global
	GlobalSection(SolutionConfigurationPlatforms) = preSolution
		Debug|Any CPU = Debug|Any CPU
		Release|Any CPU = Release|Any CPU
	EndGlobalSection
	GlobalSection(ProjectConfigurationPlatforms) = postSolution
		{812E4242-2341-47E7-B914-B2C51CCD908E}.Debug|Any CPU.ActiveCfg = Debug|Any CPU
		{812E4242-2341-47E7-B914-B2C51CCD908E}.Debug|Any CPU.Build.0 = Debug|Any CPU
		{812E4242-2341-47E7-B914-B2C51CCD908E}.Release|Any CPU.ActiveCfg = Release|Any CPU
		{812E4242-2341-47E7-B914-B2C51CCD908E}.Release|Any CPU.Build.0 = Release|Any CPU
	EndGlobalSection
	GlobalSection(SolutionProperties) = preSolution
		HideSolutionNode = FALSE
	EndGlobalSection
	GlobalSection(ExtensibilityGlobals) = postSolution
		SolutionGuid = {9754D2F2-5B7D-470B-A730-5805D059FE13}
	EndGlobalSection
EndGlobal
